{
  "version": "5",
  "remote": {
    "https://deno.land/std@0.161.0/encoding/base64.ts": "c57868ca7fa2fbe919f57f88a623ad34e3d970d675bdc1ff3a9d02bba7409db2",
    "https://deno.land/std@0.161.0/encoding/base64url.ts": "a5f82a9fa703bd85a5eb8e7c1296bc6529e601ebd9642cc2b5eaa6b38fa9e05a",
    "https://deno.land/std@0.168.0/fmt/colors.ts": "03ad95e543d2808bc43c17a3dd29d25b43d0f16287fe562a0be89bf632454a12",
    "https://deno.land/std@0.168.0/testing/_diff.ts": "a23e7fc2b4d8daa3e158fa06856bedf5334ce2a2831e8bf9e509717f455adb2c",
    "https://deno.land/std@0.168.0/testing/_format.ts": "cd11136e1797791045e639e9f0f4640d5b4166148796cad37e6ef75f7d7f3832",
    "https://deno.land/std@0.168.0/testing/asserts.ts": "51353e79437361d4b02d8e32f3fc83b22231bc8f8d4c841d86fd32b0b0afe940",
    "https://deno.land/x/djwt@v2.8/algorithm.ts": "fa4c7354ab9f4808d38104fdc6f21c8270f65f109ed84136d4fe31a4504426d4",
    "https://deno.land/x/djwt@v2.8/deps.ts": "261b7b6bfe2602329d8f9de2938c2a898cd6dfa746b3454ae415df2c53e6ae4d",
    "https://deno.land/x/djwt@v2.8/mod.ts": "7abba8518688e88648882a95161b42391ac6043c142b1ab491b36f712189e1e1",
    "https://deno.land/x/djwt@v2.8/signature.ts": "a5649368a4b433b2810e7d47f53661fe3b0f7fe1778cb49234ceae3d6e861185",
    "https://deno.land/x/djwt@v2.8/util.ts": "0d78272bd23a4656ceabe137d496fcca37cf3de36212477642aa5d85a880d87a"
  },
  "workspace": {
    "packageJson": {
      "dependencies": [
        "npm:openai@^6.10.0"
      ]
    }
  }
}
